// !$*UTF8*$!
{
	archiveVersion = 1;
	classes = {
	};
	objectVersion = 50;
	objects = {

/* Begin PBXBuildFile section */
		2006DA9ABBCB1B535B55E421 /* Pods_ApplePayTest_ApplePayTestUITests.framework in Frameworks */ = {isa = PBXBuildFile; fileRef = 490FA5E69D12236F668C0DB6 /* Pods_ApplePayTest_ApplePayTestUITests.framework */; };
		7B904FEB239A5A1400D2D382 /* AppDelegate.swift in Sources */ = {isa = PBXBuildFile; fileRef = 7B904FEA239A5A1400D2D382 /* AppDelegate.swift */; };
		7B904FED239A5A1400D2D382 /* SceneDelegate.swift in Sources */ = {isa = PBXBuildFile; fileRef = 7B904FEC239A5A1400D2D382 /* SceneDelegate.swift */; };
		7B904FEF239A5A1400D2D382 /* ViewController.swift in Sources */ = {isa = PBXBuildFile; fileRef = 7B904FEE239A5A1400D2D382 /* ViewController.swift */; };
		7B904FF2239A5A1400D2D382 /* Main.storyboard in Resources */ = {isa = PBXBuildFile; fileRef = 7B904FF0239A5A1400D2D382 /* Main.storyboard */; };
		7B904FF4239A5A1500D2D382 /* Assets.xcassets in Resources */ = {isa = PBXBuildFile; fileRef = 7B904FF3239A5A1500D2D382 /* Assets.xcassets */; };
		7B904FF7239A5A1500D2D382 /* LaunchScreen.storyboard in Resources */ = {isa = PBXBuildFile; fileRef = 7B904FF5239A5A1500D2D382 /* LaunchScreen.storyboard */; };
		7B905002239A5A1500D2D382 /* ApplePayTestTests.swift in Sources */ = {isa = PBXBuildFile; fileRef = 7B905001239A5A1500D2D382 /* ApplePayTestTests.swift */; };
		7B90500D239A5A1600D2D382 /* ApplePayTestUITests.swift in Sources */ = {isa = PBXBuildFile; fileRef = 7B90500C239A5A1600D2D382 /* ApplePayTestUITests.swift */; };
		7B90501C239A5A6400D2D382 /* Shoe.swift in Sources */ = {isa = PBXBuildFile; fileRef = 7B90501B239A5A6400D2D382 /* Shoe.swift */; };
		7B90501E239A5F9600D2D382 /* Alert.swift in Sources */ = {isa = PBXBuildFile; fileRef = 7B90501D239A5F9600D2D382 /* Alert.swift */; };
		7B905020239A5FE600D2D382 /* Store.swift in Sources */ = {isa = PBXBuildFile; fileRef = 7B90501F239A5FE600D2D382 /* Store.swift */; };
		9C8AB0A8F5347FB50A960597 /* Pods_ApplePayTestTests.framework in Frameworks */ = {isa = PBXBuildFile; fileRef = 222C1A1133A598AF5BCC567E /* Pods_ApplePayTestTests.framework */; };
		9F791859C73396B2302FE978 /* Pods_ApplePayTest.framework in Frameworks */ = {isa = PBXBuildFile; fileRef = FA17A37255B1DD80FA36AF7C /* Pods_ApplePayTest.framework */; };
/* End PBXBuildFile section */

/* Begin PBXContainerItemProxy section */
		7B904FFE239A5A1500D2D382 /* PBXContainerItemProxy */ = {
			isa = PBXContainerItemProxy;
			containerPortal = 7B904FDF239A5A1400D2D382 /* Project object */;
			proxyType = 1;
			remoteGlobalIDString = 7B904FE6239A5A1400D2D382;
			remoteInfo = ApplePayTest;
		};
		7B905009239A5A1600D2D382 /* PBXContainerItemProxy */ = {
			isa = PBXContainerItemProxy;
			containerPortal = 7B904FDF239A5A1400D2D382 /* Project object */;
			proxyType = 1;
			remoteGlobalIDString = 7B904FE6239A5A1400D2D382;
			remoteInfo = ApplePayTest;
		};
/* End PBXContainerItemProxy section */

/* Begin PBXFileReference section */
		10FA90C6EA59058EB6463451 /* Pods-ApplePayTest.release.xcconfig */ = {isa = PBXFileReference; includeInIndex = 1; lastKnownFileType = text.xcconfig; name = "Pods-ApplePayTest.release.xcconfig"; path = "Target Support Files/Pods-ApplePayTest/Pods-ApplePayTest.release.xcconfig"; sourceTree = "<group>"; };
		1AEEF806F3C0AE57FB9F5B94 /* Pods-ApplePayTest-ApplePayTestUITests.debug.xcconfig */ = {isa = PBXFileReference; includeInIndex = 1; lastKnownFileType = text.xcconfig; name = "Pods-ApplePayTest-ApplePayTestUITests.debug.xcconfig"; path = "Target Support Files/Pods-ApplePayTest-ApplePayTestUITests/Pods-ApplePayTest-ApplePayTestUITests.debug.xcconfig"; sourceTree = "<group>"; };
		222C1A1133A598AF5BCC567E /* Pods_ApplePayTestTests.framework */ = {isa = PBXFileReference; explicitFileType = wrapper.framework; includeInIndex = 0; path = Pods_ApplePayTestTests.framework; sourceTree = BUILT_PRODUCTS_DIR; };
		490FA5E69D12236F668C0DB6 /* Pods_ApplePayTest_ApplePayTestUITests.framework */ = {isa = PBXFileReference; explicitFileType = wrapper.framework; includeInIndex = 0; path = Pods_ApplePayTest_ApplePayTestUITests.framework; sourceTree = BUILT_PRODUCTS_DIR; };
		687DCCB173065D7AD2F91F2A /* Pods-ApplePayTest.debug.xcconfig */ = {isa = PBXFileReference; includeInIndex = 1; lastKnownFileType = text.xcconfig; name = "Pods-ApplePayTest.debug.xcconfig"; path = "Target Support Files/Pods-ApplePayTest/Pods-ApplePayTest.debug.xcconfig"; sourceTree = "<group>"; };
		7B904FE7239A5A1400D2D382 /* ApplePayTest.app */ = {isa = PBXFileReference; explicitFileType = wrapper.application; includeInIndex = 0; path = ApplePayTest.app; sourceTree = BUILT_PRODUCTS_DIR; };
		7B904FEA239A5A1400D2D382 /* AppDelegate.swift */ = {isa = PBXFileReference; lastKnownFileType = sourcecode.swift; path = AppDelegate.swift; sourceTree = "<group>"; };
		7B904FEC239A5A1400D2D382 /* SceneDelegate.swift */ = {isa = PBXFileReference; lastKnownFileType = sourcecode.swift; path = SceneDelegate.swift; sourceTree = "<group>"; };
		7B904FEE239A5A1400D2D382 /* ViewController.swift */ = {isa = PBXFileReference; lastKnownFileType = sourcecode.swift; path = ViewController.swift; sourceTree = "<group>"; };
		7B904FF1239A5A1400D2D382 /* Base */ = {isa = PBXFileReference; lastKnownFileType = file.storyboard; name = Base; path = Base.lproj/Main.storyboard; sourceTree = "<group>"; };
		7B904FF3239A5A1500D2D382 /* Assets.xcassets */ = {isa = PBXFileReference; lastKnownFileType = folder.assetcatalog; path = Assets.xcassets; sourceTree = "<group>"; };
		7B904FF6239A5A1500D2D382 /* Base */ = {isa = PBXFileReference; lastKnownFileType = file.storyboard; name = Base; path = Base.lproj/LaunchScreen.storyboard; sourceTree = "<group>"; };
		7B904FF8239A5A1500D2D382 /* Info.plist */ = {isa = PBXFileReference; lastKnownFileType = text.plist.xml; path = Info.plist; sourceTree = "<group>"; };
		7B904FFD239A5A1500D2D382 /* ApplePayTestTests.xctest */ = {isa = PBXFileReference; explicitFileType = wrapper.cfbundle; includeInIndex = 0; path = ApplePayTestTests.xctest; sourceTree = BUILT_PRODUCTS_DIR; };
		7B905001239A5A1500D2D382 /* ApplePayTestTests.swift */ = {isa = PBXFileReference; lastKnownFileType = sourcecode.swift; path = ApplePayTestTests.swift; sourceTree = "<group>"; };
		7B905003239A5A1500D2D382 /* Info.plist */ = {isa = PBXFileReference; lastKnownFileType = text.plist.xml; path = Info.plist; sourceTree = "<group>"; };
		7B905008239A5A1600D2D382 /* ApplePayTestUITests.xctest */ = {isa = PBXFileReference; explicitFileType = wrapper.cfbundle; includeInIndex = 0; path = ApplePayTestUITests.xctest; sourceTree = BUILT_PRODUCTS_DIR; };
		7B90500C239A5A1600D2D382 /* ApplePayTestUITests.swift */ = {isa = PBXFileReference; lastKnownFileType = sourcecode.swift; path = ApplePayTestUITests.swift; sourceTree = "<group>"; };
		7B90500E239A5A1600D2D382 /* Info.plist */ = {isa = PBXFileReference; lastKnownFileType = text.plist.xml; path = Info.plist; sourceTree = "<group>"; };
		7B90501A239A5A1F00D2D382 /* ApplePayTest.entitlements */ = {isa = PBXFileReference; lastKnownFileType = text.plist.entitlements; path = ApplePayTest.entitlements; sourceTree = "<group>"; };
		7B90501B239A5A6400D2D382 /* Shoe.swift */ = {isa = PBXFileReference; lastKnownFileType = sourcecode.swift; path = Shoe.swift; sourceTree = "<group>"; };
		7B90501D239A5F9600D2D382 /* Alert.swift */ = {isa = PBXFileReference; lastKnownFileType = sourcecode.swift; path = Alert.swift; sourceTree = "<group>"; };
		7B90501F239A5FE600D2D382 /* Store.swift */ = {isa = PBXFileReference; lastKnownFileType = sourcecode.swift; path = Store.swift; sourceTree = "<group>"; };
		AB4FED913D4D41E5F54E810B /* Pods-ApplePayTestTests.release.xcconfig */ = {isa = PBXFileReference; includeInIndex = 1; lastKnownFileType = text.xcconfig; name = "Pods-ApplePayTestTests.release.xcconfig"; path = "Target Support Files/Pods-ApplePayTestTests/Pods-ApplePayTestTests.release.xcconfig"; sourceTree = "<group>"; };
		BB3C5487DE3E469EAD2DCE98 /* Pods-ApplePayTestTests.debug.xcconfig */ = {isa = PBXFileReference; includeInIndex = 1; lastKnownFileType = text.xcconfig; name = "Pods-ApplePayTestTests.debug.xcconfig"; path = "Target Support Files/Pods-ApplePayTestTests/Pods-ApplePayTestTests.debug.xcconfig"; sourceTree = "<group>"; };
		EDAF3E6290BA5300B21BDFDD /* Pods-ApplePayTest-ApplePayTestUITests.release.xcconfig */ = {isa = PBXFileReference; includeInIndex = 1; lastKnownFileType = text.xcconfig; name = "Pods-ApplePayTest-ApplePayTestUITests.release.xcconfig"; path = "Target Support Files/Pods-ApplePayTest-ApplePayTestUITests/Pods-ApplePayTest-ApplePayTestUITests.release.xcconfig"; sourceTree = "<group>"; };
		FA17A37255B1DD80FA36AF7C /* Pods_ApplePayTest.framework */ = {isa = PBXFileReference; explicitFileType = wrapper.framework; includeInIndex = 0; path = Pods_ApplePayTest.framework; sourceTree = BUILT_PRODUCTS_DIR; };
/* End PBXFileReference section */

/* Begin PBXFrameworksBuildPhase section */
		7B904FE4239A5A1400D2D382 /* Frameworks */ = {
			isa = PBXFrameworksBuildPhase;
			buildActionMask = 2147483647;
			files = (
				9F791859C73396B2302FE978 /* Pods_ApplePayTest.framework in Frameworks */,
			);
			runOnlyForDeploymentPostprocessing = 0;
		};
		7B904FFA239A5A1500D2D382 /* Frameworks */ = {
			isa = PBXFrameworksBuildPhase;
			buildActionMask = 2147483647;
			files = (
				9C8AB0A8F5347FB50A960597 /* Pods_ApplePayTestTests.framework in Frameworks */,
			);
			runOnlyForDeploymentPostprocessing = 0;
		};
		7B905005239A5A1600D2D382 /* Frameworks */ = {
			isa = PBXFrameworksBuildPhase;
			buildActionMask = 2147483647;
			files = (
				2006DA9ABBCB1B535B55E421 /* Pods_ApplePayTest_ApplePayTestUITests.framework in Frameworks */,
			);
			runOnlyForDeploymentPostprocessing = 0;
		};
/* End PBXFrameworksBuildPhase section */

/* Begin PBXGroup section */
		7B904FDE239A5A1400D2D382 = {
			isa = PBXGroup;
			children = (
				7B904FE9239A5A1400D2D382 /* ApplePayTest */,
				7B905000239A5A1500D2D382 /* ApplePayTestTests */,
				7B90500B239A5A1600D2D382 /* ApplePayTestUITests */,
				7B904FE8239A5A1400D2D382 /* Products */,
				A447DF1BEE4CB8C59DC12E69 /* Pods */,
				A4E3333D82D4254AEEF0520F /* Frameworks */,
			);
			sourceTree = "<group>";
		};
		7B904FE8239A5A1400D2D382 /* Products */ = {
			isa = PBXGroup;
			children = (
				7B904FE7239A5A1400D2D382 /* ApplePayTest.app */,
				7B904FFD239A5A1500D2D382 /* ApplePayTestTests.xctest */,
				7B905008239A5A1600D2D382 /* ApplePayTestUITests.xctest */,
			);
			name = Products;
			sourceTree = "<group>";
		};
		7B904FE9239A5A1400D2D382 /* ApplePayTest */ = {
			isa = PBXGroup;
			children = (
				7B90501A239A5A1F00D2D382 /* ApplePayTest.entitlements */,
				7B90501B239A5A6400D2D382 /* Shoe.swift */,
				7B904FEA239A5A1400D2D382 /* AppDelegate.swift */,
				7B904FEC239A5A1400D2D382 /* SceneDelegate.swift */,
				7B904FEE239A5A1400D2D382 /* ViewController.swift */,
				7B90501D239A5F9600D2D382 /* Alert.swift */,
				7B90501F239A5FE600D2D382 /* Store.swift */,
				7B904FF0239A5A1400D2D382 /* Main.storyboard */,
				7B904FF3239A5A1500D2D382 /* Assets.xcassets */,
				7B904FF5239A5A1500D2D382 /* LaunchScreen.storyboard */,
				7B904FF8239A5A1500D2D382 /* Info.plist */,
			);
			path = ApplePayTest;
			sourceTree = "<group>";
		};
		7B905000239A5A1500D2D382 /* ApplePayTestTests */ = {
			isa = PBXGroup;
			children = (
				7B905001239A5A1500D2D382 /* ApplePayTestTests.swift */,
				7B905003239A5A1500D2D382 /* Info.plist */,
			);
			path = ApplePayTestTests;
			sourceTree = "<group>";
		};
		7B90500B239A5A1600D2D382 /* ApplePayTestUITests */ = {
			isa = PBXGroup;
			children = (
				7B90500C239A5A1600D2D382 /* ApplePayTestUITests.swift */,
				7B90500E239A5A1600D2D382 /* Info.plist */,
			);
			path = ApplePayTestUITests;
			sourceTree = "<group>";
		};
		A447DF1BEE4CB8C59DC12E69 /* Pods */ = {
			isa = PBXGroup;
			children = (
				687DCCB173065D7AD2F91F2A /* Pods-ApplePayTest.debug.xcconfig */,
				10FA90C6EA59058EB6463451 /* Pods-ApplePayTest.release.xcconfig */,
				1AEEF806F3C0AE57FB9F5B94 /* Pods-ApplePayTest-ApplePayTestUITests.debug.xcconfig */,
				EDAF3E6290BA5300B21BDFDD /* Pods-ApplePayTest-ApplePayTestUITests.release.xcconfig */,
				BB3C5487DE3E469EAD2DCE98 /* Pods-ApplePayTestTests.debug.xcconfig */,
				AB4FED913D4D41E5F54E810B /* Pods-ApplePayTestTests.release.xcconfig */,
			);
			name = Pods;
			path = Pods;
			sourceTree = "<group>";
		};
		A4E3333D82D4254AEEF0520F /* Frameworks */ = {
			isa = PBXGroup;
			children = (
				FA17A37255B1DD80FA36AF7C /* Pods_ApplePayTest.framework */,
				490FA5E69D12236F668C0DB6 /* Pods_ApplePayTest_ApplePayTestUITests.framework */,
				222C1A1133A598AF5BCC567E /* Pods_ApplePayTestTests.framework */,
			);
			name = Frameworks;
			sourceTree = "<group>";
		};
/* End PBXGroup section */

/* Begin PBXNativeTarget section */
		7B904FE6239A5A1400D2D382 /* ApplePayTest */ = {
			isa = PBXNativeTarget;
			buildConfigurationList = 7B905011239A5A1600D2D382 /* Build configuration list for PBXNativeTarget "ApplePayTest" */;
			buildPhases = (
				E38A8F0B2040F9D0256DAAC0 /* [CP] Check Pods Manifest.lock */,
				7B904FE3239A5A1400D2D382 /* Sources */,
				7B904FE4239A5A1400D2D382 /* Frameworks */,
				7B904FE5239A5A1400D2D382 /* Resources */,
				F98CEA201EAA60625B277F86 /* [CP] Embed Pods Frameworks */,
			);
			buildRules = (
			);
			dependencies = (
			);
			name = ApplePayTest;
			productName = ApplePayTest;
			productReference = 7B904FE7239A5A1400D2D382 /* ApplePayTest.app */;
			productType = "com.apple.product-type.application";
		};
		7B904FFC239A5A1500D2D382 /* ApplePayTestTests */ = {
			isa = PBXNativeTarget;
			buildConfigurationList = 7B905014239A5A1600D2D382 /* Build configuration list for PBXNativeTarget "ApplePayTestTests" */;
			buildPhases = (
				B88BDC284BA3079C9C94C369 /* [CP] Check Pods Manifest.lock */,
				7B904FF9239A5A1500D2D382 /* Sources */,
				7B904FFA239A5A1500D2D382 /* Frameworks */,
				7B904FFB239A5A1500D2D382 /* Resources */,
			);
			buildRules = (
			);
			dependencies = (
				7B904FFF239A5A1500D2D382 /* PBXTargetDependency */,
			);
			name = ApplePayTestTests;
			productName = ApplePayTestTests;
			productReference = 7B904FFD239A5A1500D2D382 /* ApplePayTestTests.xctest */;
			productType = "com.apple.product-type.bundle.unit-test";
		};
		7B905007239A5A1600D2D382 /* ApplePayTestUITests */ = {
			isa = PBXNativeTarget;
			buildConfigurationList = 7B905017239A5A1600D2D382 /* Build configuration list for PBXNativeTarget "ApplePayTestUITests" */;
			buildPhases = (
				61B46961ACDCBD1A8FA77968 /* [CP] Check Pods Manifest.lock */,
				7B905004239A5A1600D2D382 /* Sources */,
				7B905005239A5A1600D2D382 /* Frameworks */,
				7B905006239A5A1600D2D382 /* Resources */,
				D5BFD496EF83E058A6E70025 /* [CP] Embed Pods Frameworks */,
			);
			buildRules = (
			);
			dependencies = (
				7B90500A239A5A1600D2D382 /* PBXTargetDependency */,
			);
			name = ApplePayTestUITests;
			productName = ApplePayTestUITests;
			productReference = 7B905008239A5A1600D2D382 /* ApplePayTestUITests.xctest */;
			productType = "com.apple.product-type.bundle.ui-testing";
		};
/* End PBXNativeTarget section */

/* Begin PBXProject section */
		7B904FDF239A5A1400D2D382 /* Project object */ = {
			isa = PBXProject;
			attributes = {
				LastSwiftUpdateCheck = 1120;
				LastUpgradeCheck = 1120;
				ORGANIZATIONNAME = "Daniel Hjärtström";
				TargetAttributes = {
					7B904FE6239A5A1400D2D382 = {
						CreatedOnToolsVersion = 11.2.1;
					};
					7B904FFC239A5A1500D2D382 = {
						CreatedOnToolsVersion = 11.2.1;
						TestTargetID = 7B904FE6239A5A1400D2D382;
					};
					7B905007239A5A1600D2D382 = {
						CreatedOnToolsVersion = 11.2.1;
						TestTargetID = 7B904FE6239A5A1400D2D382;
					};
				};
			};
			buildConfigurationList = 7B904FE2239A5A1400D2D382 /* Build configuration list for PBXProject "ApplePayTest" */;
			compatibilityVersion = "Xcode 9.3";
			developmentRegion = en;
			hasScannedForEncodings = 0;
			knownRegions = (
				en,
				Base,
			);
			mainGroup = 7B904FDE239A5A1400D2D382;
			productRefGroup = 7B904FE8239A5A1400D2D382 /* Products */;
			projectDirPath = "";
			projectRoot = "";
			targets = (
				7B904FE6239A5A1400D2D382 /* ApplePayTest */,
				7B904FFC239A5A1500D2D382 /* ApplePayTestTests */,
				7B905007239A5A1600D2D382 /* ApplePayTestUITests */,
			);
		};
/* End PBXProject section */

/* Begin PBXResourcesBuildPhase section */
		7B904FE5239A5A1400D2D382 /* Resources */ = {
			isa = PBXResourcesBuildPhase;
			buildActionMask = 2147483647;
			files = (
				7B904FF7239A5A1500D2D382 /* LaunchScreen.storyboard in Resources */,
				7B904FF4239A5A1500D2D382 /* Assets.xcassets in Resources */,
				7B904FF2239A5A1400D2D382 /* Main.storyboard in Resources */,
			);
			runOnlyForDeploymentPostprocessing = 0;
		};
		7B904FFB239A5A1500D2D382 /* Resources */ = {
			isa = PBXResourcesBuildPhase;
			buildActionMask = 2147483647;
			files = (
			);
			runOnlyForDeploymentPostprocessing = 0;
		};
		7B905006239A5A1600D2D382 /* Resources */ = {
			isa = PBXResourcesBuildPhase;
			buildActionMask = 2147483647;
			files = (
			);
			runOnlyForDeploymentPostprocessing = 0;
		};
/* End PBXResourcesBuildPhase section */

/* Begin PBXShellScriptBuildPhase section */
		61B46961ACDCBD1A8FA77968 /* [CP] Check Pods Manifest.lock */ = {
			isa = PBXShellScriptBuildPhase;
			buildActionMask = 2147483647;
			files = (
			);
			inputFileListPaths = (
			);
			inputPaths = (
				"${PODS_PODFILE_DIR_PATH}/Podfile.lock",
				"${PODS_ROOT}/Manifest.lock",
			);
			name = "[CP] Check Pods Manifest.lock";
			outputFileListPaths = (
			);
			outputPaths = (
				"$(DERIVED_FILE_DIR)/Pods-ApplePayTest-ApplePayTestUITests-checkManifestLockResult.txt",
			);
			runOnlyForDeploymentPostprocessing = 0;
			shellPath = /bin/sh;
			shellScript = "diff \"${PODS_PODFILE_DIR_PATH}/Podfile.lock\" \"${PODS_ROOT}/Manifest.lock\" > /dev/null\nif [ $? != 0 ] ; then\n    # print error to STDERR\n    echo \"error: The sandbox is not in sync with the Podfile.lock. Run 'pod install' or update your CocoaPods installation.\" >&2\n    exit 1\nfi\n# This output is used by Xcode 'outputs' to avoid re-running this script phase.\necho \"SUCCESS\" > \"${SCRIPT_OUTPUT_FILE_0}\"\n";
			showEnvVarsInLog = 0;
		};
		B88BDC284BA3079C9C94C369 /* [CP] Check Pods Manifest.lock */ = {
			isa = PBXShellScriptBuildPhase;
			buildActionMask = 2147483647;
			files = (
			);
			inputFileListPaths = (
			);
			inputPaths = (
				"${PODS_PODFILE_DIR_PATH}/Podfile.lock",
				"${PODS_ROOT}/Manifest.lock",
			);
			name = "[CP] Check Pods Manifest.lock";
			outputFileListPaths = (
			);
			outputPaths = (
				"$(DERIVED_FILE_DIR)/Pods-ApplePayTestTests-checkManifestLockResult.txt",
			);
			runOnlyForDeploymentPostprocessing = 0;
			shellPath = /bin/sh;
			shellScript = "diff \"${PODS_PODFILE_DIR_PATH}/Podfile.lock\" \"${PODS_ROOT}/Manifest.lock\" > /dev/null\nif [ $? != 0 ] ; then\n    # print error to STDERR\n    echo \"error: The sandbox is not in sync with the Podfile.lock. Run 'pod install' or update your CocoaPods installation.\" >&2\n    exit 1\nfi\n# This output is used by Xcode 'outputs' to avoid re-running this script phase.\necho \"SUCCESS\" > \"${SCRIPT_OUTPUT_FILE_0}\"\n";
			showEnvVarsInLog = 0;
		};
		D5BFD496EF83E058A6E70025 /* [CP] Embed Pods Frameworks */ = {
			isa = PBXShellScriptBuildPhase;
			buildActionMask = 2147483647;
			files = (
			);
			inputFileListPaths = (
				"${PODS_ROOT}/Target Support Files/Pods-ApplePayTest-ApplePayTestUITests/Pods-ApplePayTest-ApplePayTestUITests-frameworks-${CONFIGURATION}-input-files.xcfilelist",
			);
			name = "[CP] Embed Pods Frameworks";
			outputFileListPaths = (
				"${PODS_ROOT}/Target Support Files/Pods-ApplePayTest-ApplePayTestUITests/Pods-ApplePayTest-ApplePayTestUITests-frameworks-${CONFIGURATION}-output-files.xcfilelist",
			);
			runOnlyForDeploymentPostprocessing = 0;
			shellPath = /bin/sh;
			shellScript = "\"${PODS_ROOT}/Target Support Files/Pods-ApplePayTest-ApplePayTestUITests/Pods-ApplePayTest-ApplePayTestUITests-frameworks.sh\"\n";
			showEnvVarsInLog = 0;
		};
		E38A8F0B2040F9D0256DAAC0 /* [CP] Check Pods Manifest.lock */ = {
			isa = PBXShellScriptBuildPhase;
			buildActionMask = 2147483647;
			files = (
			);
			inputFileListPaths = (
			);
			inputPaths = (
				"${PODS_PODFILE_DIR_PATH}/Podfile.lock",
				"${PODS_ROOT}/Manifest.lock",
			);
			name = "[CP] Check Pods Manifest.lock";
			outputFileListPaths = (
			);
			outputPaths = (
				"$(DERIVED_FILE_DIR)/Pods-ApplePayTest-checkManifestLockResult.txt",
			);
			runOnlyForDeploymentPostprocessing = 0;
			shellPath = /bin/sh;
			shellScript = "diff \"${PODS_PODFILE_DIR_PATH}/Podfile.lock\" \"${PODS_ROOT}/Manifest.lock\" > /dev/null\nif [ $? != 0 ] ; then\n    # print error to STDERR\n    echo \"error: The sandbox is not in sync with the Podfile.lock. Run 'pod install' or update your CocoaPods installation.\" >&2\n    exit 1\nfi\n# This output is used by Xcode 'outputs' to avoid re-running this script phase.\necho \"SUCCESS\" > \"${SCRIPT_OUTPUT_FILE_0}\"\n";
			showEnvVarsInLog = 0;
		};
		F98CEA201EAA60625B277F86 /* [CP] Embed Pods Frameworks */ = {
			isa = PBXShellScriptBuildPhase;
			buildActionMask = 2147483647;
			files = (
			);
			inputFileListPaths = (
				"${PODS_ROOT}/Target Support Files/Pods-ApplePayTest/Pods-ApplePayTest-frameworks-${CONFIGURATION}-input-files.xcfilelist",
			);
			name = "[CP] Embed Pods Frameworks";
			outputFileListPaths = (
				"${PODS_ROOT}/Target Support Files/Pods-ApplePayTest/Pods-ApplePayTest-frameworks-${CONFIGURATION}-output-files.xcfilelist",
			);
			runOnlyForDeploymentPostprocessing = 0;
			shellPath = /bin/sh;
			shellScript = "\"${PODS_ROOT}/Target Support Files/Pods-ApplePayTest/Pods-ApplePayTest-frameworks.sh\"\n";
			showEnvVarsInLog = 0;
		};
/* End PBXShellScriptBuildPhase section */

/* Begin PBXSourcesBuildPhase section */
		7B904FE3239A5A1400D2D382 /* Sources */ = {
			isa = PBXSourcesBuildPhase;
			buildActionMask = 2147483647;
			files = (
				7B90501C239A5A6400D2D382 /* Shoe.swift in Sources */,
				7B904FEF239A5A1400D2D382 /* ViewController.swift in Sources */,
				7B904FEB239A5A1400D2D382 /* AppDelegate.swift in Sources */,
				7B905020239A5FE600D2D382 /* Store.swift in Sources */,
				7B90501E239A5F9600D2D382 /* Alert.swift in Sources */,
				7B904FED239A5A1400D2D382 /* SceneDelegate.swift in Sources */,
			);
			runOnlyForDeploymentPostprocessing = 0;
		};
		7B904FF9239A5A1500D2D382 /* Sources */ = {
			isa = PBXSourcesBuildPhase;
			buildActionMask = 2147483647;
			files = (
				7B905002239A5A1500D2D382 /* ApplePayTestTests.swift in Sources */,
			);
			runOnlyForDeploymentPostprocessing = 0;
		};
		7B905004239A5A1600D2D382 /* Sources */ = {
			isa = PBXSourcesBuildPhase;
			buildActionMask = 2147483647;
			files = (
				7B90500D239A5A1600D2D382 /* ApplePayTestUITests.swift in Sources */,
			);
			runOnlyForDeploymentPostprocessing = 0;
		};
/* End PBXSourcesBuildPhase section */

/* Begin PBXTargetDependency section */
		7B904FFF239A5A1500D2D382 /* PBXTargetDependency */ = {
			isa = PBXTargetDependency;
			target = 7B904FE6239A5A1400D2D382 /* ApplePayTest */;
			targetProxy = 7B904FFE239A5A1500D2D382 /* PBXContainerItemProxy */;
		};
		7B90500A239A5A1600D2D382 /* PBXTargetDependency */ = {
			isa = PBXTargetDependency;
			target = 7B904FE6239A5A1400D2D382 /* ApplePayTest */;
			targetProxy = 7B905009239A5A1600D2D382 /* PBXContainerItemProxy */;
		};
/* End PBXTargetDependency section */

/* Begin PBXVariantGroup section */
		7B904FF0239A5A1400D2D382 /* Main.storyboard */ = {
			isa = PBXVariantGroup;
			children = (
				7B904FF1239A5A1400D2D382 /* Base */,
			);
			name = Main.storyboard;
			sourceTree = "<group>";
		};
		7B904FF5239A5A1500D2D382 /* LaunchScreen.storyboard */ = {
			isa = PBXVariantGroup;
			children = (
				7B904FF6239A5A1500D2D382 /* Base */,
			);
			name = LaunchScreen.storyboard;
			sourceTree = "<group>";
		};
/* End PBXVariantGroup section */

/* Begin XCBuildConfiguration section */
		7B90500F239A5A1600D2D382 /* Debug */ = {
			isa = XCBuildConfiguration;
			buildSettings = {
				ALWAYS_SEARCH_USER_PATHS = NO;
				CLANG_ANALYZER_NONNULL = YES;
				CLANG_ANALYZER_NUMBER_OBJECT_CONVERSION = YES_AGGRESSIVE;
				CLANG_CXX_LANGUAGE_STANDARD = "gnu++14";
				CLANG_CXX_LIBRARY = "libc++";
				CLANG_ENABLE_MODULES = YES;
				CLANG_ENABLE_OBJC_ARC = YES;
				CLANG_ENABLE_OBJC_WEAK = YES;
				CLANG_WARN_BLOCK_CAPTURE_AUTORELEASING = YES;
				CLANG_WARN_BOOL_CONVERSION = YES;
				CLANG_WARN_COMMA = YES;
				CLANG_WARN_CONSTANT_CONVERSION = YES;
				CLANG_WARN_DEPRECATED_OBJC_IMPLEMENTATIONS = YES;
				CLANG_WARN_DIRECT_OBJC_ISA_USAGE = YES_ERROR;
				CLANG_WARN_DOCUMENTATION_COMMENTS = YES;
				CLANG_WARN_EMPTY_BODY = YES;
				CLANG_WARN_ENUM_CONVERSION = YES;
				CLANG_WARN_INFINITE_RECURSION = YES;
				CLANG_WARN_INT_CONVERSION = YES;
				CLANG_WARN_NON_LITERAL_NULL_CONVERSION = YES;
				CLANG_WARN_OBJC_IMPLICIT_RETAIN_SELF = YES;
				CLANG_WARN_OBJC_LITERAL_CONVERSION = YES;
				CLANG_WARN_OBJC_ROOT_CLASS = YES_ERROR;
				CLANG_WARN_RANGE_LOOP_ANALYSIS = YES;
				CLANG_WARN_STRICT_PROTOTYPES = YES;
				CLANG_WARN_SUSPICIOUS_MOVE = YES;
				CLANG_WARN_UNGUARDED_AVAILABILITY = YES_AGGRESSIVE;
				CLANG_WARN_UNREACHABLE_CODE = YES;
				CLANG_WARN__DUPLICATE_METHOD_MATCH = YES;
				COPY_PHASE_STRIP = NO;
				DEBUG_INFORMATION_FORMAT = dwarf;
				ENABLE_STRICT_OBJC_MSGSEND = YES;
				ENABLE_TESTABILITY = YES;
				GCC_C_LANGUAGE_STANDARD = gnu11;
				GCC_DYNAMIC_NO_PIC = NO;
				GCC_NO_COMMON_BLOCKS = YES;
				GCC_OPTIMIZATION_LEVEL = 0;
				GCC_PREPROCESSOR_DEFINITIONS = (
					"DEBUG=1",
					"$(inherited)",
				);
				GCC_WARN_64_TO_32_BIT_CONVERSION = YES;
				GCC_WARN_ABOUT_RETURN_TYPE = YES_ERROR;
				GCC_WARN_UNDECLARED_SELECTOR = YES;
				GCC_WARN_UNINITIALIZED_AUTOS = YES_AGGRESSIVE;
				GCC_WARN_UNUSED_FUNCTION = YES;
				GCC_WARN_UNUSED_VARIABLE = YES;
				IPHONEOS_DEPLOYMENT_TARGET = 13.2;
				MTL_ENABLE_DEBUG_INFO = INCLUDE_SOURCE;
				MTL_FAST_MATH = YES;
				ONLY_ACTIVE_ARCH = YES;
				SDKROOT = iphoneos;
				SWIFT_ACTIVE_COMPILATION_CONDITIONS = DEBUG;
				SWIFT_OPTIMIZATION_LEVEL = "-Onone";
			};
			name = Debug;
		};
		7B905010239A5A1600D2D382 /* Release */ = {
			isa = XCBuildConfiguration;
			buildSettings = {
				ALWAYS_SEARCH_USER_PATHS = NO;
				CLANG_ANALYZER_NONNULL = YES;
				CLANG_ANALYZER_NUMBER_OBJECT_CONVERSION = YES_AGGRESSIVE;
				CLANG_CXX_LANGUAGE_STANDARD = "gnu++14";
				CLANG_CXX_LIBRARY = "libc++";
				CLANG_ENABLE_MODULES = YES;
				CLANG_ENABLE_OBJC_ARC = YES;
				CLANG_ENABLE_OBJC_WEAK = YES;
				CLANG_WARN_BLOCK_CAPTURE_AUTORELEASING = YES;
				CLANG_WARN_BOOL_CONVERSION = YES;
				CLANG_WARN_COMMA = YES;
				CLANG_WARN_CONSTANT_CONVERSION = YES;
				CLANG_WARN_DEPRECATED_OBJC_IMPLEMENTATIONS = YES;
				CLANG_WARN_DIRECT_OBJC_ISA_USAGE = YES_ERROR;
				CLANG_WARN_DOCUMENTATION_COMMENTS = YES;
				CLANG_WARN_EMPTY_BODY = YES;
				CLANG_WARN_ENUM_CONVERSION = YES;
				CLANG_WARN_INFINITE_RECURSION = YES;
				CLANG_WARN_INT_CONVERSION = YES;
				CLANG_WARN_NON_LITERAL_NULL_CONVERSION = YES;
				CLANG_WARN_OBJC_IMPLICIT_RETAIN_SELF = YES;
				CLANG_WARN_OBJC_LITERAL_CONVERSION = YES;
				CLANG_WARN_OBJC_ROOT_CLASS = YES_ERROR;
				CLANG_WARN_RANGE_LOOP_ANALYSIS = YES;
				CLANG_WARN_STRICT_PROTOTYPES = YES;
				CLANG_WARN_SUSPICIOUS_MOVE = YES;
				CLANG_WARN_UNGUARDED_AVAILABILITY = YES_AGGRESSIVE;
				CLANG_WARN_UNREACHABLE_CODE = YES;
				CLANG_WARN__DUPLICATE_METHOD_MATCH = YES;
				COPY_PHASE_STRIP = NO;
				DEBUG_INFORMATION_FORMAT = "dwarf-with-dsym";
				ENABLE_NS_ASSERTIONS = NO;
				ENABLE_STRICT_OBJC_MSGSEND = YES;
				GCC_C_LANGUAGE_STANDARD = gnu11;
				GCC_NO_COMMON_BLOCKS = YES;
				GCC_WARN_64_TO_32_BIT_CONVERSION = YES;
				GCC_WARN_ABOUT_RETURN_TYPE = YES_ERROR;
				GCC_WARN_UNDECLARED_SELECTOR = YES;
				GCC_WARN_UNINITIALIZED_AUTOS = YES_AGGRESSIVE;
				GCC_WARN_UNUSED_FUNCTION = YES;
				GCC_WARN_UNUSED_VARIABLE = YES;
				IPHONEOS_DEPLOYMENT_TARGET = 13.2;
				MTL_ENABLE_DEBUG_INFO = NO;
				MTL_FAST_MATH = YES;
				SDKROOT = iphoneos;
				SWIFT_COMPILATION_MODE = wholemodule;
				SWIFT_OPTIMIZATION_LEVEL = "-O";
				VALIDATE_PRODUCT = YES;
			};
			name = Release;
		};
		7B905012239A5A1600D2D382 /* Debug */ = {
			isa = XCBuildConfiguration;
			baseConfigurationReference = 687DCCB173065D7AD2F91F2A /* Pods-ApplePayTest.debug.xcconfig */;
			buildSettings = {
				ASSETCATALOG_COMPILER_APPICON_NAME = AppIcon;
				CODE_SIGN_ENTITLEMENTS = ApplePayTest/ApplePayTest.entitlements;
				CODE_SIGN_STYLE = Automatic;
				DEVELOPMENT_TEAM = 6ZL797GF7H;
				INFOPLIST_FILE = ApplePayTest/Info.plist;
				LD_RUNPATH_SEARCH_PATHS = (
					"$(inherited)",
					"@executable_path/Frameworks",
				);
				PRODUCT_BUNDLE_IDENTIFIER = com.daniel.hjartstrom.ApplePayTest;
				PRODUCT_NAME = "$(TARGET_NAME)";
				SWIFT_VERSION = 5.0;
				TARGETED_DEVICE_FAMILY = "1,2";
			};
			name = Debug;
		};
		7B905013239A5A1600D2D382 /* Release */ = {
			isa = XCBuildConfiguration;
			baseConfigurationReference = 10FA90C6EA59058EB6463451 /* Pods-ApplePayTest.release.xcconfig */;
			buildSettings = {
				ASSETCATALOG_COMPILER_APPICON_NAME = AppIcon;
				CODE_SIGN_ENTITLEMENTS = ApplePayTest/ApplePayTest.entitlements;
				CODE_SIGN_STYLE = Automatic;
				DEVELOPMENT_TEAM = 6ZL797GF7H;
				INFOPLIST_FILE = ApplePayTest/Info.plist;
				LD_RUNPATH_SEARCH_PATHS = (
					"$(inherited)",
					"@executable_path/Frameworks",
				);
				PRODUCT_BUNDLE_IDENTIFIER = com.daniel.hjartstrom.ApplePayTest;
				PRODUCT_NAME = "$(TARGET_NAME)";
				SWIFT_VERSION = 5.0;
				TARGETED_DEVICE_FAMILY = "1,2";
			};
			name = Release;
		};
		7B905015239A5A1600D2D382 /* Debug */ = {
			isa = XCBuildConfiguration;
			baseConfigurationReference = BB3C5487DE3E469EAD2DCE98 /* Pods-ApplePayTestTests.debug.xcconfig */;
			buildSettings = {
				ALWAYS_EMBED_SWIFT_STANDARD_LIBRARIES = YES;
				BUNDLE_LOADER = "$(TEST_HOST)";
				CODE_SIGN_STYLE = Automatic;
				DEVELOPMENT_TEAM = 6ZL797GF7H;
				INFOPLIST_FILE = ApplePayTestTests/Info.plist;
				IPHONEOS_DEPLOYMENT_TARGET = 13.2;
				LD_RUNPATH_SEARCH_PATHS = (
					"$(inherited)",
					"@executable_path/Frameworks",
					"@loader_path/Frameworks",
				);
				PRODUCT_BUNDLE_IDENTIFIER = com.daniel.hjartstrom.ApplePayTestTests;
				PRODUCT_NAME = "$(TARGET_NAME)";
				SWIFT_VERSION = 5.0;
				TARGETED_DEVICE_FAMILY = "1,2";
				TEST_HOST = "$(BUILT_PRODUCTS_DIR)/ApplePayTest.app/ApplePayTest";
			};
			name = Debug;
		};
		7B905016239A5A1600D2D382 /* Release */ = {
			isa = XCBuildConfiguration;
			baseConfigurationReference = AB4FED913D4D41E5F54E810B /* Pods-ApplePayTestTests.release.xcconfig */;
			buildSettings = {
				ALWAYS_EMBED_SWIFT_STANDARD_LIBRARIES = YES;
				BUNDLE_LOADER = "$(TEST_HOST)";
				CODE_SIGN_STYLE = Automatic;
				DEVELOPMENT_TEAM = 6ZL797GF7H;
				INFOPLIST_FILE = ApplePayTestTests/Info.plist;
				IPHONEOS_DEPLOYMENT_TARGET = 13.2;
				LD_RUNPATH_SEARCH_PATHS = (
					"$(inherited)",
					"@executable_path/Frameworks",
					"@loader_path/Frameworks",
				);
				PRODUCT_BUNDLE_IDENTIFIER = com.daniel.hjartstrom.ApplePayTestTests;
				PRODUCT_NAME = "$(TARGET_NAME)";
				SWIFT_VERSION = 5.0;
				TARGETED_DEVICE_FAMILY = "1,2";
				TEST_HOST = "$(BUILT_PRODUCTS_DIR)/ApplePayTest.app/ApplePayTest";
			};
			name = Release;
		};
		7B905018239A5A1600D2D382 /* Debug */ = {
			isa = XCBuildConfiguration;
			baseConfigurationReference = 1AEEF806F3C0AE57FB9F5B94 /* Pods-ApplePayTest-ApplePayTestUITests.debug.xcconfig */;
			buildSettings = {
				ALWAYS_EMBED_SWIFT_STANDARD_LIBRARIES = YES;
				CODE_SIGN_STYLE = Automatic;
				DEVELOPMENT_TEAM = 6ZL797GF7H;
				INFOPLIST_FILE = ApplePayTestUITests/Info.plist;
				LD_RUNPATH_SEARCH_PATHS = (
					"$(inherited)",
					"@executable_path/Frameworks",
					"@loader_path/Frameworks",
				);
				PRODUCT_BUNDLE_IDENTIFIER = com.daniel.hjartstrom.ApplePayTestUITests;
				PRODUCT_NAME = "$(TARGET_NAME)";
				SWIFT_VERSION = 5.0;
				TARGETED_DEVICE_FAMILY = "1,2";
				TEST_TARGET_NAME = ApplePayTest;
			};
			name = Debug;
		};
		7B905019239A5A1600D2D382 /* Release */ = {
			isa = XCBuildConfiguration;
			baseConfigurationReference = EDAF3E6290BA5300B21BDFDD /* Pods-ApplePayTest-ApplePayTestUITests.release.xcconfig */;
			buildSettings = {
				ALWAYS_EMBED_SWIFT_STANDARD_LIBRARIES = YES;
				CODE_SIGN_STYLE = Automatic;
				DEVELOPMENT_TEAM = 6ZL797GF7H;
				INFOPLIST_FILE = ApplePayTestUITests/Info.plist;
				LD_RUNPATH_SEARCH_PATHS = (
					"$(inherited)",
					"@executable_path/Frameworks",
					"@loader_path/Frameworks",
				);
				PRODUCT_BUNDLE_IDENTIFIER = com.daniel.hjartstrom.ApplePayTestUITests;
				PRODUCT_NAME = "$(TARGET_NAME)";
				SWIFT_VERSION = 5.0;
				TARGETED_DEVICE_FAMILY = "1,2";
				TEST_TARGET_NAME = ApplePayTest;
			};
			name = Release;
		};
/* End XCBuildConfiguration section */

/* Begin XCConfigurationList section */
		7B904FE2239A5A1400D2D382 /* Build configuration list for PBXProject "ApplePayTest" */ = {
			isa = XCConfigurationList;
			buildConfigurations = (
				7B90500F239A5A1600D2D382 /* Debug */,
				7B905010239A5A1600D2D382 /* Release */,
			);
			defaultConfigurationIsVisible = 0;
			defaultConfigurationName = Release;
		};
		7B905011239A5A1600D2D382 /* Build configuration list for PBXNativeTarget "ApplePayTest" */ = {
			isa = XCConfigurationList;
			buildConfigurations = (
				7B905012239A5A1600D2D382 /* Debug */,
				7B905013239A5A1600D2D382 /* Release */,
			);
			defaultConfigurationIsVisible = 0;
			defaultConfigurationName = Release;
		};
		7B905014239A5A1600D2D382 /* Build configuration list for PBXNativeTarget "ApplePayTestTests" */ = {
			isa = XCConfigurationList;
			buildConfigurations = (
				7B905015239A5A1600D2D382 /* Debug */,
				7B905016239A5A1600D2D382 /* Release */,
			);
			defaultConfigurationIsVisible = 0;
			defaultConfigurationName = Release;
		};
		7B905017239A5A1600D2D382 /* Build configuration list for PBXNativeTarget "ApplePayTestUITests" */ = {
			isa = XCConfigurationList;
			buildConfigurations = (
				7B905018239A5A1600D2D382 /* Debug */,
				7B905019239A5A1600D2D382 /* Release */,
			);
			defaultConfigurationIsVisible = 0;
			defaultConfigurationName = Release;
		};
/* End XCConfigurationList section */
	};
	rootObject = 7B904FDF239A5A1400D2D382 /* Project object */;
}
